# THIS IS AN AUTOGENERATED FILE. DO NOT EDIT THIS FILE DIRECTLY.
# yarn lockfile v1


"@types/long@^4.0.0":
  version "4.0.1"
  resolved "https://registry.yarnpkg.com/@types/long/-/long-4.0.1.tgz#459c65fa1867dafe6a8f322c4c51695663cc55e9"
  integrity sha512-5tXH6Bx/kNGd3MgffdmP4dy2Z+G4eaXw0SE81Tq3BNadtnMR5/ySMzX4SLEzHJzSmPNn4HIdpQsBvXMUykr58w==

"@types/node@>=8":
  version "15.3.0"
  resolved "https://registry.yarnpkg.com/@types/node/-/node-15.3.0.tgz#d6fed7d6bc6854306da3dea1af9f874b00783e26"
  integrity sha512-8/bnjSZD86ZfpBsDlCIkNXIvm+h6wi9g7IqL+kmFkQ+Wvu3JrasgLElfiPgoo8V8vVfnEi0QVS12gbl94h9YsQ==

adm-zip@^0.5.3:
  version "0.5.5"
  resolved "https://registry.yarnpkg.com/adm-zip/-/adm-zip-0.5.5.tgz#b6549dbea741e4050309f1bb4d47c47397ce2c4f"
  integrity sha512-IWwXKnCbirdbyXSfUDvCCrmYrOHANRZcc8NcRrvTlIApdl7PwE9oGcsYvNeJPAVY1M+70b4PxXGKIf8AEuiQ6w==

cassandra-driver@^4.6.2:
  version "4.6.2"
  resolved "https://registry.yarnpkg.com/cassandra-driver/-/cassandra-driver-4.6.2.tgz#2796e3ae6890c351cce65ae0ed2749173807a517"
  integrity sha512-XfDMlpyEl+mI1DSaw8YdLBUyc5wXwuVYWN0WEZOC50BrHSPUmCXA7fyyexwk3j5XiYd/7BXWvO9nnZ50asJPoQ==
  dependencies:
    "@types/long" "^4.0.0"
    "@types/node" ">=8"
    adm-zip "^0.5.3"
    long "^2.2.0"

long@^2.2.0:
  version "2.4.0"
  resolved "https://registry.yarnpkg.com/long/-/long-2.4.0.tgz#9fa180bb1d9500cdc29c4156766a1995e1f4524f"
  integrity sha1-n6GAux2VAM3CnEFWdmoZleH0Uk8=
